{
  "name": "omicverse_web",
  "version": "1.0.0",
  "lockfileVersion": 3,
  "requires": true,
  "packages": {
    "": {
      "name": "omicverse_web",
      "version": "1.0.0",
      "license": "ISC",
      "dependencies": {
        "gl-matrix": "^3.4.4",
        "regl": "^2.1.1",
        "regl-scatterplot": "^1.14.1"
      }
    },
    "node_modules/@flekschas/utils": {
      "version": "0.32.2",
      "resolved": "https://registry.npmjs.org/@flekschas/utils/-/utils-0.32.2.tgz",
      "integrity": "sha512-RPF5WBXxA3WFKdTTDQS7gl7hd1z6kOMfJKj0p+9TRLJm/vQHvRC2Zt62axSQlbve8a82NtVN96aaGhsx5+ekvQ==",
      "license": "MIT"
    },
    "node_modules/camera-2d-simple": {
      "version": "3.0.0",
      "resolved": "https://registry.npmjs.org/camera-2d-simple/-/camera-2d-simple-3.0.0.tgz",
      "integrity": "sha512-hBeuUeerQ2Repi/61PGyFkuJ9jt6IKAny7pjQo2w8/8uZh+RKvNLZQy4xbQeDH8FrlnFxAJDjyM4/yuLdOV5vQ==",
      "license": "MIT",
      "dependencies": {
        "gl-matrix": "~3.3.0"
      },
      "peerDependencies": {
        "gl-matrix": "~3.3.0"
      }
    },
    "node_modules/camera-2d-simple/node_modules/gl-matrix": {
      "version": "3.3.0",
      "resolved": "https://registry.npmjs.org/gl-matrix/-/gl-matrix-3.3.0.tgz",
      "integrity": "sha512-COb7LDz+SXaHtl/h4LeaFcNdJdAQSDeVqjiIihSXNrkWObZLhDI4hIkZC11Aeqp7bcE72clzB0BnDXr2SmslRA==",
      "license": "MIT"
    },
    "node_modules/dom-2d-camera": {
      "version": "2.2.6",
      "resolved": "https://registry.npmjs.org/dom-2d-camera/-/dom-2d-camera-2.2.6.tgz",
      "integrity": "sha512-HWfV26qjCfpOHa6X0PI1ZyZDhowk6skEs5f7aOwgewuJSP6IgPcK694ImYIOMGnDYK4vC4/Etsi26WpbJtS2vQ==",
      "license": "MIT",
      "dependencies": {
        "camera-2d-simple": "^3.0.0",
        "gl-matrix": "^3.3.0"
      },
      "peerDependencies": {
        "gl-matrix": "^3.3.0"
      }
    },
    "node_modules/earcut": {
      "version": "3.0.2",
      "resolved": "https://registry.npmjs.org/earcut/-/earcut-3.0.2.tgz",
      "integrity": "sha512-X7hshQbLyMJ/3RPhyObLARM2sNxxmRALLKx1+NVFFnQ9gKzmCrxm9+uLIAdBcvc8FNLpctqlQ2V6AE92Ol9UDQ==",
      "license": "ISC"
    },
    "node_modules/gl-matrix": {
      "version": "3.4.4",
      "resolved": "https://registry.npmjs.org/gl-matrix/-/gl-matrix-3.4.4.tgz",
      "integrity": "sha512-latSnyDNt/8zYUB6VIJ6PCh2jBjJX6gnDsoCZ7LyW7GkqrD51EWwa9qCoGixj8YqBtETQK/xY7OmpTF8xz1DdQ==",
      "license": "MIT"
    },
    "node_modules/pub-sub-es": {
      "version": "3.0.0",
      "resolved": "https://registry.npmjs.org/pub-sub-es/-/pub-sub-es-3.0.0.tgz",
      "integrity": "sha512-pf+6yCPsOfvDMru2LnsqdKSN8XQyF5HZzmEoKBvjMk4TILMUQiq1vxI6rC92T9ErY06sLXBmC1p7JGNFVB1pUQ==",
      "license": "MIT"
    },
    "node_modules/regl": {
      "version": "2.1.1",
      "resolved": "https://registry.npmjs.org/regl/-/regl-2.1.1.tgz",
      "integrity": "sha512-+IOGrxl3FZ8ZM9ixCWQZzFRiRn7Rzn9bu3iFHwg/yz4tlOUQgbO4PHLgG+1ZT60zcIV8tief6Qrmyl8qcoJP0g==",
      "license": "MIT"
    },
    "node_modules/regl-line": {
      "version": "1.1.1",
      "resolved": "https://registry.npmjs.org/regl-line/-/regl-line-1.1.1.tgz",
      "integrity": "sha512-IKcyiZq+nQg7x3mEmxf9kImM9CzmEyZDhCCfas2xVpsoiDJFEyILsuocD1G4dSXA/nC39za9OBw4FzYEgWNiUg==",
      "license": "MIT",
      "dependencies": {
        "gl-matrix": "^3.3.0",
        "regl": "^2.1.0"
      },
      "peerDependencies": {
        "regl": "^2.1.0"
      }
    },
    "node_modules/regl-scatterplot": {
      "version": "1.14.1",
      "resolved": "https://registry.npmjs.org/regl-scatterplot/-/regl-scatterplot-1.14.1.tgz",
      "integrity": "sha512-2WMrP6+pgoeckPpWrkHEqPpSJKjR3/QgNGBqctRCbzofsxDx3nDQh7541KnTH3LheGiZEofSJAoctdySgZG+tg==",
      "license": "MIT",
      "dependencies": {
        "@flekschas/utils": "^0.32.2",
        "dom-2d-camera": "^2.2.6",
        "earcut": "^3.0.1",
        "gl-matrix": "~3.4.3",
        "pub-sub-es": "~3.0.0",
        "regl": "~2.1.1",
        "regl-line": "~1.1.1"
      },
      "engines": {
        "node": ">=20.0.0",
        "npm": ">=7.0.0"
      },
      "peerDependencies": {
        "pub-sub-es": "~3.0.0",
        "regl": "~2.1.1"
      }
    }
  }
}
